
Microsoft Visual Studio Solution File, Format Version 12.00
# Visual Studio Version 17
VisualStudioVersion = 17.11.35208.52
MinimumVisualStudioVersion = 10.0.40219.1
Project("{FAE04EC0-301F-11D3-BF4B-00C04F79EFBC}") = "PatrickMuorahProject2", "PatrickMuorahProject2\PatrickMuorahProject2.csproj", "{FCC9C05F-38B2-4D8C-87BE-51646D1EB910}"
EndProject
Global
	GlobalSection(SolutionConfigurationPlatforms) = preSolution
		Debug|Any CPU = Debug|Any CPU
		Release|Any CPU = Release|Any CPU
	EndGlobalSection
	GlobalSection(ProjectConfigurationPlatforms) = postSolution
		{FCC9C05F-38B2-4D8C-87BE-51646D1EB910}.Debug|Any CPU.ActiveCfg = Debug|Any CPU
		{FCC9C05F-38B2-4D8C-87BE-51646D1EB910}.Debug|Any CPU.Build.0 = Debug|Any CPU
		{FCC9C05F-38B2-4D8C-87BE-51646D1EB910}.Release|Any CPU.ActiveCfg = Release|Any CPU
		{FCC9C05F-38B2-4D8C-87BE-51646D1EB910}.Release|Any CPU.Build.0 = Release|Any CPU
	EndGlobalSection
	GlobalSection(SolutionProperties) = preSolution
		HideSolutionNode = FALSE
	EndGlobalSection
	GlobalSection(ExtensibilityGlobals) = postSolution
		SolutionGuid = {D373C068-4047-4C25-A3AA-19DD7DED0A2F}
	EndGlobalSection
EndGlobal
